
Microsoft Visual Studio Solution File, Format Version 12.00
# Visual Studio Version 17
VisualStudioVersion = 17.0.31903.59
MinimumVisualStudioVersion = 10.0.40219.1
Project("{FAE04EC0-301F-11D3-BF4B-00C04F79EFBC}") = "01", "01\01.csproj", "{53E552B1-BBCC-449E-928C-CCA311C68D69}"
EndProject
Project("{FAE04EC0-301F-11D3-BF4B-00C04F79EFBC}") = "07", "07\07.csproj", "{BB770C5C-7524-4769-8868-66CB50B2C180}"
EndProject
Project("{FAE04EC0-301F-11D3-BF4B-00C04F79EFBC}") = "09", "09\09.csproj", "{E2D73493-EB9E-47E1-B50E-CFF4145E1CC5}"
EndProject
Project("{FAE04EC0-301F-11D3-BF4B-00C04F79EFBC}") = "02", "02\02.csproj", "{1F855AB6-A1F6-4E90-A2FD-5239B79E6086}"
EndProject
Project("{FAE04EC0-301F-11D3-BF4B-00C04F79EFBC}") = "03", "03\03.csproj", "{E5B8A5F6-B4C3-4F8F-A361-831DB6269606}"
EndProject
Project("{FAE04EC0-301F-11D3-BF4B-00C04F79EFBC}") = "04", "04\04.csproj", "{FB81527A-8979-4892-95EC-D62EB7F80F3B}"
EndProject
Project("{FAE04EC0-301F-11D3-BF4B-00C04F79EFBC}") = "05", "05\05.csproj", "{5F3F0DFF-2B5B-4664-ACC6-3FBE48A71182}"
EndProject
Project("{FAE04EC0-301F-11D3-BF4B-00C04F79EFBC}") = "06", "06\06.csproj", "{D6B37223-C632-4A74-A6DD-1F00E66566A3}"
EndProject
Project("{FAE04EC0-301F-11D3-BF4B-00C04F79EFBC}") = "08", "08\08.csproj", "{CD5411B5-2F97-47B5-979A-CD80BE23C029}"
EndProject
Global
	GlobalSection(SolutionConfigurationPlatforms) = preSolution
		Debug|Any CPU = Debug|Any CPU
		Release|Any CPU = Release|Any CPU
	EndGlobalSection
	GlobalSection(ProjectConfigurationPlatforms) = postSolution
		{53E552B1-BBCC-449E-928C-CCA311C68D69}.Debug|Any CPU.ActiveCfg = Debug|Any CPU
		{53E552B1-BBCC-449E-928C-CCA311C68D69}.Debug|Any CPU.Build.0 = Debug|Any CPU
		{53E552B1-BBCC-449E-928C-CCA311C68D69}.Release|Any CPU.ActiveCfg = Release|Any CPU
		{53E552B1-BBCC-449E-928C-CCA311C68D69}.Release|Any CPU.Build.0 = Release|Any CPU
		{BB770C5C-7524-4769-8868-66CB50B2C180}.Debug|Any CPU.ActiveCfg = Debug|Any CPU
		{BB770C5C-7524-4769-8868-66CB50B2C180}.Debug|Any CPU.Build.0 = Debug|Any CPU
		{BB770C5C-7524-4769-8868-66CB50B2C180}.Release|Any CPU.ActiveCfg = Release|Any CPU
		{BB770C5C-7524-4769-8868-66CB50B2C180}.Release|Any CPU.Build.0 = Release|Any CPU
		{E2D73493-EB9E-47E1-B50E-CFF4145E1CC5}.Debug|Any CPU.ActiveCfg = Debug|Any CPU
		{E2D73493-EB9E-47E1-B50E-CFF4145E1CC5}.Debug|Any CPU.Build.0 = Debug|Any CPU
		{E2D73493-EB9E-47E1-B50E-CFF4145E1CC5}.Release|Any CPU.ActiveCfg = Release|Any CPU
		{E2D73493-EB9E-47E1-B50E-CFF4145E1CC5}.Release|Any CPU.Build.0 = Release|Any CPU
		{1F855AB6-A1F6-4E90-A2FD-5239B79E6086}.Debug|Any CPU.ActiveCfg = Debug|Any CPU
		{1F855AB6-A1F6-4E90-A2FD-5239B79E6086}.Debug|Any CPU.Build.0 = Debug|Any CPU
		{1F855AB6-A1F6-4E90-A2FD-5239B79E6086}.Release|Any CPU.ActiveCfg = Release|Any CPU
		{1F855AB6-A1F6-4E90-A2FD-5239B79E6086}.Release|Any CPU.Build.0 = Release|Any CPU
		{E5B8A5F6-B4C3-4F8F-A361-831DB6269606}.Debug|Any CPU.ActiveCfg = Debug|Any CPU
		{E5B8A5F6-B4C3-4F8F-A361-831DB6269606}.Debug|Any CPU.Build.0 = Debug|Any CPU
		{E5B8A5F6-B4C3-4F8F-A361-831DB6269606}.Release|Any CPU.ActiveCfg = Release|Any CPU
		{E5B8A5F6-B4C3-4F8F-A361-831DB6269606}.Release|Any CPU.Build.0 = Release|Any CPU
		{FB81527A-8979-4892-95EC-D62EB7F80F3B}.Debug|Any CPU.ActiveCfg = Debug|Any CPU
		{FB81527A-8979-4892-95EC-D62EB7F80F3B}.Debug|Any CPU.Build.0 = Debug|Any CPU
		{FB81527A-8979-4892-95EC-D62EB7F80F3B}.Release|Any CPU.ActiveCfg = Release|Any CPU
		{FB81527A-8979-4892-95EC-D62EB7F80F3B}.Release|Any CPU.Build.0 = Release|Any CPU
		{5F3F0DFF-2B5B-4664-ACC6-3FBE48A71182}.Debug|Any CPU.ActiveCfg = Debug|Any CPU
		{5F3F0DFF-2B5B-4664-ACC6-3FBE48A71182}.Debug|Any CPU.Build.0 = Debug|Any CPU
		{5F3F0DFF-2B5B-4664-ACC6-3FBE48A71182}.Release|Any CPU.ActiveCfg = Release|Any CPU
		{5F3F0DFF-2B5B-4664-ACC6-3FBE48A71182}.Release|Any CPU.Build.0 = Release|Any CPU
		{D6B37223-C632-4A74-A6DD-1F00E66566A3}.Debug|Any CPU.ActiveCfg = Debug|Any CPU
		{D6B37223-C632-4A74-A6DD-1F00E66566A3}.Debug|Any CPU.Build.0 = Debug|Any CPU
		{D6B37223-C632-4A74-A6DD-1F00E66566A3}.Release|Any CPU.ActiveCfg = Release|Any CPU
		{D6B37223-C632-4A74-A6DD-1F00E66566A3}.Release|Any CPU.Build.0 = Release|Any CPU
		{CD5411B5-2F97-47B5-979A-CD80BE23C029}.Debug|Any CPU.ActiveCfg = Debug|Any CPU
		{CD5411B5-2F97-47B5-979A-CD80BE23C029}.Debug|Any CPU.Build.0 = Debug|Any CPU
		{CD5411B5-2F97-47B5-979A-CD80BE23C029}.Release|Any CPU.ActiveCfg = Release|Any CPU
		{CD5411B5-2F97-47B5-979A-CD80BE23C029}.Release|Any CPU.Build.0 = Release|Any CPU
	EndGlobalSection
	GlobalSection(SolutionProperties) = preSolution
		HideSolutionNode = FALSE
	EndGlobalSection
EndGlobal
